
Microsoft Visual Studio Solution File, Format Version 12.00
# Visual Studio Version 17
VisualStudioVersion = 17.14.36408.4 d17.14
MinimumVisualStudioVersion = 10.0.40219.1
Project("{FAE04EC0-301F-11D3-BF4B-00C04F79EFBC}") = "QuanLyKhoAPI", "QuanLyKhoAPI\QuanLyKhoAPI.csproj", "{BA779F60-C3A6-4480-9746-FE93F571128B}"
EndProject
Global
	GlobalSection(SolutionConfigurationPlatforms) = preSolution
		Debug|Any CPU = Debug|Any CPU
		Release|Any CPU = Release|Any CPU
	EndGlobalSection
	GlobalSection(ProjectConfigurationPlatforms) = postSolution
		{BA779F60-C3A6-4480-9746-FE93F571128B}.Debug|Any CPU.ActiveCfg = Debug|Any CPU
		{BA779F60-C3A6-4480-9746-FE93F571128B}.Debug|Any CPU.Build.0 = Debug|Any CPU
		{BA779F60-C3A6-4480-9746-FE93F571128B}.Release|Any CPU.ActiveCfg = Release|Any CPU
		{BA779F60-C3A6-4480-9746-FE93F571128B}.Release|Any CPU.Build.0 = Release|Any CPU
	EndGlobalSection
	GlobalSection(SolutionProperties) = preSolution
		HideSolutionNode = FALSE
	EndGlobalSection
	GlobalSection(ExtensibilityGlobals) = postSolution
		SolutionGuid = {FC730D88-C280-40F0-AB23-7D9B1F9D021E}
	EndGlobalSection
EndGlobal
